
Microsoft Visual Studio Solution File, Format Version 12.00
# Visual Studio Version 17
VisualStudioVersion = 17.2.32526.322
MinimumVisualStudioVersion = 10.0.40219.1
Project("{FAE04EC0-301F-11D3-BF4B-00C04F79EFBC}") = "ToutEmbalCore", "ToutEmbalCore\ToutEmbalCore.csproj", "{3177DE71-7CD1-482F-847A-29F06AB7C785}"
EndProject
Project("{FAE04EC0-301F-11D3-BF4B-00C04F79EFBC}") = "ToutEmbalUI", "ToutEmbalUI\ToutEmbalUI.csproj", "{56F3B8C5-DD24-45C3-A207-FD19C9D9768C}"
EndProject
Global
	GlobalSection(SolutionConfigurationPlatforms) = preSolution
		Debug|Any CPU = Debug|Any CPU
		Release|Any CPU = Release|Any CPU
	EndGlobalSection
	GlobalSection(ProjectConfigurationPlatforms) = postSolution
		{3177DE71-7CD1-482F-847A-29F06AB7C785}.Debug|Any CPU.ActiveCfg = Debug|Any CPU
		{3177DE71-7CD1-482F-847A-29F06AB7C785}.Debug|Any CPU.Build.0 = Debug|Any CPU
		{3177DE71-7CD1-482F-847A-29F06AB7C785}.Release|Any CPU.ActiveCfg = Release|Any CPU
		{3177DE71-7CD1-482F-847A-29F06AB7C785}.Release|Any CPU.Build.0 = Release|Any CPU
		{56F3B8C5-DD24-45C3-A207-FD19C9D9768C}.Debug|Any CPU.ActiveCfg = Debug|Any CPU
		{56F3B8C5-DD24-45C3-A207-FD19C9D9768C}.Debug|Any CPU.Build.0 = Debug|Any CPU
		{56F3B8C5-DD24-45C3-A207-FD19C9D9768C}.Release|Any CPU.ActiveCfg = Release|Any CPU
		{56F3B8C5-DD24-45C3-A207-FD19C9D9768C}.Release|Any CPU.Build.0 = Release|Any CPU
	EndGlobalSection
	GlobalSection(SolutionProperties) = preSolution
		HideSolutionNode = FALSE
	EndGlobalSection
	GlobalSection(ExtensibilityGlobals) = postSolution
		SolutionGuid = {CDCB3FFC-0AAA-4477-B418-AC952682B901}
	EndGlobalSection
EndGlobal
