
Microsoft Visual Studio Solution File, Format Version 12.00
Project("{FAE04EC0-301F-11D3-BF4B-00C04F79EFBC}") = "ex_1_2_sub_2_5_addition_two_numbers", "ex_1_2_sub_2_5_addition_two_numbers\ex_1_2_sub_2_5_addition_two_numbers.csproj", "{8561B8A5-DA57-4CD4-AE6D-033607F44942}"
EndProject
Project("{FAE04EC0-301F-11D3-BF4B-00C04F79EFBC}") = "ex_1_2_sub_2_6_multiplication_two_numbers", "ex_1_2_sub_2_6_multiplication_two_numbers\ex_1_2_sub_2_6_multiplication_two_numbers.csproj", "{882BD2BC-0E9F-4B67-B9AA-F434E1A4D342}"
EndProject
Project("{FAE04EC0-301F-11D3-BF4B-00C04F79EFBC}") = "ex_1_2_sub_2_7_power_calculation", "ex_1_2_sub_2_7_power_calculation\ex_1_2_sub_2_7_power_calculation.csproj", "{D6DDA9C5-15ED-493D-BA72-FE0EC463BD0C}"
EndProject
Project("{FAE04EC0-301F-11D3-BF4B-00C04F79EFBC}") = "ex_1_3_sub_2_10_palindromes", "ex_1_3_sub_2_10_palindromes\ex_1_3_sub_2_10_palindromes.csproj", "{53776E0E-80FE-4913-800C-EA9C503C0AAE}"
EndProject
Project("{FAE04EC0-301F-11D3-BF4B-00C04F79EFBC}") = "ex_1_3_sub_2_12_permutation_characters", "ex_1_3_sub_2_12_permutation_characters\ex_1_3_sub_2_12_permutation_characters.csproj", "{55EF6B8C-57F1-4994-8E41-F22FB2AFF234}"
EndProject
Project("{FAE04EC0-301F-11D3-BF4B-00C04F79EFBC}") = "ex_1_5_sub_2_15_addition_elements_array", "ex_1_5_sub_2_15_addition_elements_array\ex_1_5_sub_2_15_addition_elements_array.csproj", "{7DC5DD70-A1D1-4077-BEA9-88E9E7BB02AA}"
EndProject
Project("{FAE04EC0-301F-11D3-BF4B-00C04F79EFBC}") = "ex_bonus_addition_two_numbers", "ex_bonus_addition_two_numbers\ex_bonus_addition_two_numbers.csproj", "{257C2AAF-4649-40F2-B891-25ACE0904F03}"
EndProject
Global
	GlobalSection(SolutionConfigurationPlatforms) = preSolution
		Debug|Any CPU = Debug|Any CPU
		Release|Any CPU = Release|Any CPU
	EndGlobalSection
	GlobalSection(ProjectConfigurationPlatforms) = postSolution
		{8561B8A5-DA57-4CD4-AE6D-033607F44942}.Debug|Any CPU.ActiveCfg = Debug|Any CPU
		{8561B8A5-DA57-4CD4-AE6D-033607F44942}.Debug|Any CPU.Build.0 = Debug|Any CPU
		{8561B8A5-DA57-4CD4-AE6D-033607F44942}.Release|Any CPU.ActiveCfg = Release|Any CPU
		{8561B8A5-DA57-4CD4-AE6D-033607F44942}.Release|Any CPU.Build.0 = Release|Any CPU
		{882BD2BC-0E9F-4B67-B9AA-F434E1A4D342}.Debug|Any CPU.ActiveCfg = Debug|Any CPU
		{882BD2BC-0E9F-4B67-B9AA-F434E1A4D342}.Debug|Any CPU.Build.0 = Debug|Any CPU
		{882BD2BC-0E9F-4B67-B9AA-F434E1A4D342}.Release|Any CPU.ActiveCfg = Release|Any CPU
		{882BD2BC-0E9F-4B67-B9AA-F434E1A4D342}.Release|Any CPU.Build.0 = Release|Any CPU
		{D6DDA9C5-15ED-493D-BA72-FE0EC463BD0C}.Debug|Any CPU.ActiveCfg = Debug|Any CPU
		{D6DDA9C5-15ED-493D-BA72-FE0EC463BD0C}.Debug|Any CPU.Build.0 = Debug|Any CPU
		{D6DDA9C5-15ED-493D-BA72-FE0EC463BD0C}.Release|Any CPU.ActiveCfg = Release|Any CPU
		{D6DDA9C5-15ED-493D-BA72-FE0EC463BD0C}.Release|Any CPU.Build.0 = Release|Any CPU
		{53776E0E-80FE-4913-800C-EA9C503C0AAE}.Debug|Any CPU.ActiveCfg = Debug|Any CPU
		{53776E0E-80FE-4913-800C-EA9C503C0AAE}.Debug|Any CPU.Build.0 = Debug|Any CPU
		{53776E0E-80FE-4913-800C-EA9C503C0AAE}.Release|Any CPU.ActiveCfg = Release|Any CPU
		{53776E0E-80FE-4913-800C-EA9C503C0AAE}.Release|Any CPU.Build.0 = Release|Any CPU
		{55EF6B8C-57F1-4994-8E41-F22FB2AFF234}.Debug|Any CPU.ActiveCfg = Debug|Any CPU
		{55EF6B8C-57F1-4994-8E41-F22FB2AFF234}.Debug|Any CPU.Build.0 = Debug|Any CPU
		{55EF6B8C-57F1-4994-8E41-F22FB2AFF234}.Release|Any CPU.ActiveCfg = Release|Any CPU
		{55EF6B8C-57F1-4994-8E41-F22FB2AFF234}.Release|Any CPU.Build.0 = Release|Any CPU
		{7DC5DD70-A1D1-4077-BEA9-88E9E7BB02AA}.Debug|Any CPU.ActiveCfg = Debug|Any CPU
		{7DC5DD70-A1D1-4077-BEA9-88E9E7BB02AA}.Debug|Any CPU.Build.0 = Debug|Any CPU
		{7DC5DD70-A1D1-4077-BEA9-88E9E7BB02AA}.Release|Any CPU.ActiveCfg = Release|Any CPU
		{7DC5DD70-A1D1-4077-BEA9-88E9E7BB02AA}.Release|Any CPU.Build.0 = Release|Any CPU
		{257C2AAF-4649-40F2-B891-25ACE0904F03}.Debug|Any CPU.ActiveCfg = Debug|Any CPU
		{257C2AAF-4649-40F2-B891-25ACE0904F03}.Debug|Any CPU.Build.0 = Debug|Any CPU
		{257C2AAF-4649-40F2-B891-25ACE0904F03}.Release|Any CPU.ActiveCfg = Release|Any CPU
		{257C2AAF-4649-40F2-B891-25ACE0904F03}.Release|Any CPU.Build.0 = Release|Any CPU
	EndGlobalSection
EndGlobal
