
Microsoft Visual Studio Solution File, Format Version 12.00
# Visual Studio Version 17
VisualStudioVersion = 17.2.32526.322
MinimumVisualStudioVersion = 10.0.40219.1
Project("{9A19103F-16F7-4668-BE54-9A1E7A4F7556}") = "Menu", "Menu\Menu.csproj", "{AF360AEC-CC87-4D77-A9EB-73B1547B78BB}"
EndProject
Project("{9A19103F-16F7-4668-BE54-9A1E7A4F7556}") = "Core", "Core\Core.csproj", "{7F1066E8-3356-4267-8690-1C630CA31458}"
EndProject
Project("{9A19103F-16F7-4668-BE54-9A1E7A4F7556}") = "01_MagicButton", "..\CourseWinForm\01_MagicButton\01_MagicButton.csproj", "{38E29C26-DB22-42CA-B9D5-17CC6728191E}"
EndProject
Project("{9A19103F-16F7-4668-BE54-9A1E7A4F7556}") = "02_simple_addition", "..\CourseWinForm\02_simple_addition\02_simple_addition.csproj", "{7858891F-0BD0-447A-A657-CE77C3351DB8}"
EndProject
Project("{9A19103F-16F7-4668-BE54-9A1E7A4F7556}") = "03_input_control", "..\CourseWinForm\03_input_control\03_input_control.csproj", "{63BA0816-075F-43FE-A573-E8D1B6AB719B}"
EndProject
Project("{9A19103F-16F7-4668-BE54-9A1E7A4F7556}") = "04_CheckboxRadio", "..\CourseWinForm\04_CheckboxRadio\04_CheckboxRadio.csproj", "{BBC0BB5C-6246-493D-A6F6-6DC2C7519E05}"
EndProject
Project("{9A19103F-16F7-4668-BE54-9A1E7A4F7556}") = "05_ListBox", "..\CourseWinForm\05_ListBox\05_ListBox.csproj", "{5F847D08-9F7C-44F8-B733-752770F46041}"
EndProject
Project("{9A19103F-16F7-4668-BE54-9A1E7A4F7556}") = "06_ListComboBox", "..\CourseWinForm\06_ListComboBox\06_ListComboBox.csproj", "{699FB82C-1083-45E9-B25A-A77538E5C228}"
EndProject
Project("{9A19103F-16F7-4668-BE54-9A1E7A4F7556}") = "07_ScrollColorChoose", "..\CourseWinForm\07_ScrollColorChoose\07_ScrollColorChoose.csproj", "{203DBE1D-831B-4E2C-95DE-94452B1CE03F}"
EndProject
Project("{2150E333-8FDC-42A3-9474-1A3956D46DE8}") = "ImportProject", "ImportProject", "{8FAABEB9-8E56-4742-BA37-AE83F7AAA310}"
EndProject
Project("{2150E333-8FDC-42A3-9474-1A3956D46DE8}") = "borrow", "borrow", "{3703D245-F020-4588-A8DD-588732016133}"
EndProject
Project("{9A19103F-16F7-4668-BE54-9A1E7A4F7556}") = "BorrowCore", "..\Borrow\BorrowCore\BorrowCore.csproj", "{64323E78-E771-429F-8F3D-E3947AE19C89}"
EndProject
Project("{9A19103F-16F7-4668-BE54-9A1E7A4F7556}") = "BorrowForm", "..\Borrow\BorrowForm\BorrowForm.csproj", "{9E59F0F8-916D-416C-9D61-125FFA36BF85}"
EndProject
Project("{9A19103F-16F7-4668-BE54-9A1E7A4F7556}") = "BorrowUnitTest", "..\Borrow\BorrowUnitTest\BorrowUnitTest.csproj", "{758DBB72-21A0-48DD-A0AB-B0E5637A9608}"
EndProject
Global
	GlobalSection(SolutionConfigurationPlatforms) = preSolution
		Debug|Any CPU = Debug|Any CPU
		Release|Any CPU = Release|Any CPU
	EndGlobalSection
	GlobalSection(ProjectConfigurationPlatforms) = postSolution
		{AF360AEC-CC87-4D77-A9EB-73B1547B78BB}.Debug|Any CPU.ActiveCfg = Debug|Any CPU
		{AF360AEC-CC87-4D77-A9EB-73B1547B78BB}.Debug|Any CPU.Build.0 = Debug|Any CPU
		{AF360AEC-CC87-4D77-A9EB-73B1547B78BB}.Release|Any CPU.ActiveCfg = Release|Any CPU
		{AF360AEC-CC87-4D77-A9EB-73B1547B78BB}.Release|Any CPU.Build.0 = Release|Any CPU
		{7F1066E8-3356-4267-8690-1C630CA31458}.Debug|Any CPU.ActiveCfg = Debug|Any CPU
		{7F1066E8-3356-4267-8690-1C630CA31458}.Debug|Any CPU.Build.0 = Debug|Any CPU
		{7F1066E8-3356-4267-8690-1C630CA31458}.Release|Any CPU.ActiveCfg = Release|Any CPU
		{7F1066E8-3356-4267-8690-1C630CA31458}.Release|Any CPU.Build.0 = Release|Any CPU
		{38E29C26-DB22-42CA-B9D5-17CC6728191E}.Debug|Any CPU.ActiveCfg = Debug|Any CPU
		{38E29C26-DB22-42CA-B9D5-17CC6728191E}.Debug|Any CPU.Build.0 = Debug|Any CPU
		{38E29C26-DB22-42CA-B9D5-17CC6728191E}.Release|Any CPU.ActiveCfg = Release|Any CPU
		{38E29C26-DB22-42CA-B9D5-17CC6728191E}.Release|Any CPU.Build.0 = Release|Any CPU
		{7858891F-0BD0-447A-A657-CE77C3351DB8}.Debug|Any CPU.ActiveCfg = Debug|Any CPU
		{7858891F-0BD0-447A-A657-CE77C3351DB8}.Debug|Any CPU.Build.0 = Debug|Any CPU
		{7858891F-0BD0-447A-A657-CE77C3351DB8}.Release|Any CPU.ActiveCfg = Release|Any CPU
		{7858891F-0BD0-447A-A657-CE77C3351DB8}.Release|Any CPU.Build.0 = Release|Any CPU
		{63BA0816-075F-43FE-A573-E8D1B6AB719B}.Debug|Any CPU.ActiveCfg = Debug|Any CPU
		{63BA0816-075F-43FE-A573-E8D1B6AB719B}.Debug|Any CPU.Build.0 = Debug|Any CPU
		{63BA0816-075F-43FE-A573-E8D1B6AB719B}.Release|Any CPU.ActiveCfg = Release|Any CPU
		{63BA0816-075F-43FE-A573-E8D1B6AB719B}.Release|Any CPU.Build.0 = Release|Any CPU
		{BBC0BB5C-6246-493D-A6F6-6DC2C7519E05}.Debug|Any CPU.ActiveCfg = Debug|Any CPU
		{BBC0BB5C-6246-493D-A6F6-6DC2C7519E05}.Debug|Any CPU.Build.0 = Debug|Any CPU
		{BBC0BB5C-6246-493D-A6F6-6DC2C7519E05}.Release|Any CPU.ActiveCfg = Release|Any CPU
		{BBC0BB5C-6246-493D-A6F6-6DC2C7519E05}.Release|Any CPU.Build.0 = Release|Any CPU
		{5F847D08-9F7C-44F8-B733-752770F46041}.Debug|Any CPU.ActiveCfg = Debug|Any CPU
		{5F847D08-9F7C-44F8-B733-752770F46041}.Debug|Any CPU.Build.0 = Debug|Any CPU
		{5F847D08-9F7C-44F8-B733-752770F46041}.Release|Any CPU.ActiveCfg = Release|Any CPU
		{5F847D08-9F7C-44F8-B733-752770F46041}.Release|Any CPU.Build.0 = Release|Any CPU
		{699FB82C-1083-45E9-B25A-A77538E5C228}.Debug|Any CPU.ActiveCfg = Debug|Any CPU
		{699FB82C-1083-45E9-B25A-A77538E5C228}.Debug|Any CPU.Build.0 = Debug|Any CPU
		{699FB82C-1083-45E9-B25A-A77538E5C228}.Release|Any CPU.ActiveCfg = Release|Any CPU
		{699FB82C-1083-45E9-B25A-A77538E5C228}.Release|Any CPU.Build.0 = Release|Any CPU
		{203DBE1D-831B-4E2C-95DE-94452B1CE03F}.Debug|Any CPU.ActiveCfg = Debug|Any CPU
		{203DBE1D-831B-4E2C-95DE-94452B1CE03F}.Debug|Any CPU.Build.0 = Debug|Any CPU
		{203DBE1D-831B-4E2C-95DE-94452B1CE03F}.Release|Any CPU.ActiveCfg = Release|Any CPU
		{203DBE1D-831B-4E2C-95DE-94452B1CE03F}.Release|Any CPU.Build.0 = Release|Any CPU
		{64323E78-E771-429F-8F3D-E3947AE19C89}.Debug|Any CPU.ActiveCfg = Debug|Any CPU
		{64323E78-E771-429F-8F3D-E3947AE19C89}.Debug|Any CPU.Build.0 = Debug|Any CPU
		{64323E78-E771-429F-8F3D-E3947AE19C89}.Release|Any CPU.ActiveCfg = Release|Any CPU
		{64323E78-E771-429F-8F3D-E3947AE19C89}.Release|Any CPU.Build.0 = Release|Any CPU
		{9E59F0F8-916D-416C-9D61-125FFA36BF85}.Debug|Any CPU.ActiveCfg = Debug|Any CPU
		{9E59F0F8-916D-416C-9D61-125FFA36BF85}.Debug|Any CPU.Build.0 = Debug|Any CPU
		{9E59F0F8-916D-416C-9D61-125FFA36BF85}.Release|Any CPU.ActiveCfg = Release|Any CPU
		{9E59F0F8-916D-416C-9D61-125FFA36BF85}.Release|Any CPU.Build.0 = Release|Any CPU
		{758DBB72-21A0-48DD-A0AB-B0E5637A9608}.Debug|Any CPU.ActiveCfg = Debug|Any CPU
		{758DBB72-21A0-48DD-A0AB-B0E5637A9608}.Debug|Any CPU.Build.0 = Debug|Any CPU
		{758DBB72-21A0-48DD-A0AB-B0E5637A9608}.Release|Any CPU.ActiveCfg = Release|Any CPU
		{758DBB72-21A0-48DD-A0AB-B0E5637A9608}.Release|Any CPU.Build.0 = Release|Any CPU
	EndGlobalSection
	GlobalSection(SolutionProperties) = preSolution
		HideSolutionNode = FALSE
	EndGlobalSection
	GlobalSection(NestedProjects) = preSolution
		{38E29C26-DB22-42CA-B9D5-17CC6728191E} = {8FAABEB9-8E56-4742-BA37-AE83F7AAA310}
		{7858891F-0BD0-447A-A657-CE77C3351DB8} = {8FAABEB9-8E56-4742-BA37-AE83F7AAA310}
		{63BA0816-075F-43FE-A573-E8D1B6AB719B} = {8FAABEB9-8E56-4742-BA37-AE83F7AAA310}
		{BBC0BB5C-6246-493D-A6F6-6DC2C7519E05} = {8FAABEB9-8E56-4742-BA37-AE83F7AAA310}
		{5F847D08-9F7C-44F8-B733-752770F46041} = {8FAABEB9-8E56-4742-BA37-AE83F7AAA310}
		{699FB82C-1083-45E9-B25A-A77538E5C228} = {8FAABEB9-8E56-4742-BA37-AE83F7AAA310}
		{203DBE1D-831B-4E2C-95DE-94452B1CE03F} = {8FAABEB9-8E56-4742-BA37-AE83F7AAA310}
		{3703D245-F020-4588-A8DD-588732016133} = {8FAABEB9-8E56-4742-BA37-AE83F7AAA310}
		{64323E78-E771-429F-8F3D-E3947AE19C89} = {3703D245-F020-4588-A8DD-588732016133}
		{9E59F0F8-916D-416C-9D61-125FFA36BF85} = {3703D245-F020-4588-A8DD-588732016133}
		{758DBB72-21A0-48DD-A0AB-B0E5637A9608} = {3703D245-F020-4588-A8DD-588732016133}
	EndGlobalSection
	GlobalSection(ExtensibilityGlobals) = postSolution
		SolutionGuid = {B6F64D9A-2F5E-48FB-9917-714DE872E7A5}
	EndGlobalSection
EndGlobal
