
Microsoft Visual Studio Solution File, Format Version 12.00
# Visual Studio Version 17
VisualStudioVersion = 17.2.32519.379
MinimumVisualStudioVersion = 10.0.40219.1
Project("{FAE04EC0-301F-11D3-BF4B-00C04F79EFBC}") = "Training01", "Training01\Training01.csproj", "{D2C23429-EC88-4C98-8E29-60AD5B6EC78E}"
EndProject
Project("{FAE04EC0-301F-11D3-BF4B-00C04F79EFBC}") = "Training02", "Training02\Training02.csproj", "{4C921CA1-92A1-45EC-A755-557B3F41622A}"
EndProject
Project("{FAE04EC0-301F-11D3-BF4B-00C04F79EFBC}") = "01_MagicButton", "01_MagicButton\01_MagicButton.csproj", "{CF91EA09-7C99-4B32-A0F2-C0B54D444582}"
EndProject
Global
	GlobalSection(SolutionConfigurationPlatforms) = preSolution
		Debug|Any CPU = Debug|Any CPU
		Release|Any CPU = Release|Any CPU
	EndGlobalSection
	GlobalSection(ProjectConfigurationPlatforms) = postSolution
		{D2C23429-EC88-4C98-8E29-60AD5B6EC78E}.Debug|Any CPU.ActiveCfg = Debug|Any CPU
		{D2C23429-EC88-4C98-8E29-60AD5B6EC78E}.Debug|Any CPU.Build.0 = Debug|Any CPU
		{D2C23429-EC88-4C98-8E29-60AD5B6EC78E}.Release|Any CPU.ActiveCfg = Release|Any CPU
		{D2C23429-EC88-4C98-8E29-60AD5B6EC78E}.Release|Any CPU.Build.0 = Release|Any CPU
		{4C921CA1-92A1-45EC-A755-557B3F41622A}.Debug|Any CPU.ActiveCfg = Debug|Any CPU
		{4C921CA1-92A1-45EC-A755-557B3F41622A}.Debug|Any CPU.Build.0 = Debug|Any CPU
		{4C921CA1-92A1-45EC-A755-557B3F41622A}.Release|Any CPU.ActiveCfg = Release|Any CPU
		{4C921CA1-92A1-45EC-A755-557B3F41622A}.Release|Any CPU.Build.0 = Release|Any CPU
		{CF91EA09-7C99-4B32-A0F2-C0B54D444582}.Debug|Any CPU.ActiveCfg = Debug|Any CPU
		{CF91EA09-7C99-4B32-A0F2-C0B54D444582}.Debug|Any CPU.Build.0 = Debug|Any CPU
		{CF91EA09-7C99-4B32-A0F2-C0B54D444582}.Release|Any CPU.ActiveCfg = Release|Any CPU
		{CF91EA09-7C99-4B32-A0F2-C0B54D444582}.Release|Any CPU.Build.0 = Release|Any CPU
	EndGlobalSection
	GlobalSection(SolutionProperties) = preSolution
		HideSolutionNode = FALSE
	EndGlobalSection
	GlobalSection(ExtensibilityGlobals) = postSolution
		SolutionGuid = {3B088828-7BDB-4CAD-BBC1-2B5341967155}
	EndGlobalSection
EndGlobal
