
Microsoft Visual Studio Solution File, Format Version 12.00
# Visual Studio Version 17
VisualStudioVersion = 17.2.32526.322
MinimumVisualStudioVersion = 10.0.40219.1
Project("{FAE04EC0-301F-11D3-BF4B-00C04F79EFBC}") = "DesignPatternMemento.UML.ClasseImbrique", "DesignPatternMemento.UML.ClasseImbrique\DesignPatternMemento.UML.ClasseImbrique.csproj", "{837FA33A-9EB7-4DEE-AE63-FC2D2537DE42}"
EndProject
Project("{FAE04EC0-301F-11D3-BF4B-00C04F79EFBC}") = "DesignPatternMemento.UML.Console", "DesignPatternMemento.UML.Console\DesignPatternMemento.UML.Console.csproj", "{27C92B72-CFBE-4AF1-BD33-68EA7B7ADCC7}"
EndProject
Project("{FAE04EC0-301F-11D3-BF4B-00C04F79EFBC}") = "DesignPatternMemento.UML.Basique", "DesignPatternMemento.UML.Basique\DesignPatternMemento.UML.Basique.csproj", "{4183D8A3-2A54-41A9-A8F4-A0DDA61D7248}"
EndProject
Global
	GlobalSection(SolutionConfigurationPlatforms) = preSolution
		Debug|Any CPU = Debug|Any CPU
		Release|Any CPU = Release|Any CPU
	EndGlobalSection
	GlobalSection(ProjectConfigurationPlatforms) = postSolution
		{837FA33A-9EB7-4DEE-AE63-FC2D2537DE42}.Debug|Any CPU.ActiveCfg = Debug|Any CPU
		{837FA33A-9EB7-4DEE-AE63-FC2D2537DE42}.Debug|Any CPU.Build.0 = Debug|Any CPU
		{837FA33A-9EB7-4DEE-AE63-FC2D2537DE42}.Release|Any CPU.ActiveCfg = Release|Any CPU
		{837FA33A-9EB7-4DEE-AE63-FC2D2537DE42}.Release|Any CPU.Build.0 = Release|Any CPU
		{27C92B72-CFBE-4AF1-BD33-68EA7B7ADCC7}.Debug|Any CPU.ActiveCfg = Debug|Any CPU
		{27C92B72-CFBE-4AF1-BD33-68EA7B7ADCC7}.Debug|Any CPU.Build.0 = Debug|Any CPU
		{27C92B72-CFBE-4AF1-BD33-68EA7B7ADCC7}.Release|Any CPU.ActiveCfg = Release|Any CPU
		{27C92B72-CFBE-4AF1-BD33-68EA7B7ADCC7}.Release|Any CPU.Build.0 = Release|Any CPU
		{4183D8A3-2A54-41A9-A8F4-A0DDA61D7248}.Debug|Any CPU.ActiveCfg = Debug|Any CPU
		{4183D8A3-2A54-41A9-A8F4-A0DDA61D7248}.Debug|Any CPU.Build.0 = Debug|Any CPU
		{4183D8A3-2A54-41A9-A8F4-A0DDA61D7248}.Release|Any CPU.ActiveCfg = Release|Any CPU
		{4183D8A3-2A54-41A9-A8F4-A0DDA61D7248}.Release|Any CPU.Build.0 = Release|Any CPU
	EndGlobalSection
	GlobalSection(SolutionProperties) = preSolution
		HideSolutionNode = FALSE
	EndGlobalSection
	GlobalSection(ExtensibilityGlobals) = postSolution
		SolutionGuid = {40B0FA55-9E69-46DC-8FA8-D66E1A494660}
	EndGlobalSection
EndGlobal
